
Microsoft Visual Studio Solution File, Format Version 12.00
# Visual Studio Version 17
VisualStudioVersion = 17.3.32804.467
MinimumVisualStudioVersion = 10.0.40219.1
Project("{FAE04EC0-301F-11D3-BF4B-00C04F79EFBC}") = "Sekkari", "Sekkari\Sekkari.csproj", "{5C221676-F623-4D7E-95EE-A87E34563395}"
EndProject
Global
	GlobalSection(SolutionConfigurationPlatforms) = preSolution
		Debug|Any CPU = Debug|Any CPU
		Release|Any CPU = Release|Any CPU
	EndGlobalSection
	GlobalSection(ProjectConfigurationPlatforms) = postSolution
		{5C221676-F623-4D7E-95EE-A87E34563395}.Debug|Any CPU.ActiveCfg = Debug|Any CPU
		{5C221676-F623-4D7E-95EE-A87E34563395}.Debug|Any CPU.Build.0 = Debug|Any CPU
		{5C221676-F623-4D7E-95EE-A87E34563395}.Release|Any CPU.ActiveCfg = Release|Any CPU
		{5C221676-F623-4D7E-95EE-A87E34563395}.Release|Any CPU.Build.0 = Release|Any CPU
	EndGlobalSection
	GlobalSection(SolutionProperties) = preSolution
		HideSolutionNode = FALSE
	EndGlobalSection
	GlobalSection(ExtensibilityGlobals) = postSolution
		SolutionGuid = {8F59375B-B86F-4895-951A-8A715FB6CB21}
	EndGlobalSection
EndGlobal
