
Microsoft Visual Studio Solution File, Format Version 12.00
# Visual Studio Version 17
VisualStudioVersion = 17.3.32804.467
MinimumVisualStudioVersion = 10.0.40219.1
Project("{9A19103F-16F7-4668-BE54-9A1E7A4F7556}") = "Bank", "Bank\Bank.csproj", "{9800C205-FFD5-46BC-AF01-6052FF93F55C}"
EndProject
Project("{FAE04EC0-301F-11D3-BF4B-00C04F79EFBC}") = "BankTest", "BankTest\BankTest.csproj", "{26A0CD7B-A1B1-48B5-90D1-C1B9A4515D53}"
EndProject
Global
	GlobalSection(SolutionConfigurationPlatforms) = preSolution
		Debug|Any CPU = Debug|Any CPU
		Release|Any CPU = Release|Any CPU
	EndGlobalSection
	GlobalSection(ProjectConfigurationPlatforms) = postSolution
		{9800C205-FFD5-46BC-AF01-6052FF93F55C}.Debug|Any CPU.ActiveCfg = Debug|Any CPU
		{9800C205-FFD5-46BC-AF01-6052FF93F55C}.Debug|Any CPU.Build.0 = Debug|Any CPU
		{9800C205-FFD5-46BC-AF01-6052FF93F55C}.Release|Any CPU.ActiveCfg = Release|Any CPU
		{9800C205-FFD5-46BC-AF01-6052FF93F55C}.Release|Any CPU.Build.0 = Release|Any CPU
		{26A0CD7B-A1B1-48B5-90D1-C1B9A4515D53}.Debug|Any CPU.ActiveCfg = Debug|Any CPU
		{26A0CD7B-A1B1-48B5-90D1-C1B9A4515D53}.Debug|Any CPU.Build.0 = Debug|Any CPU
		{26A0CD7B-A1B1-48B5-90D1-C1B9A4515D53}.Release|Any CPU.ActiveCfg = Release|Any CPU
		{26A0CD7B-A1B1-48B5-90D1-C1B9A4515D53}.Release|Any CPU.Build.0 = Release|Any CPU
	EndGlobalSection
	GlobalSection(SolutionProperties) = preSolution
		HideSolutionNode = FALSE
	EndGlobalSection
	GlobalSection(ExtensibilityGlobals) = postSolution
		SolutionGuid = {C981A8E5-3D56-496C-94B7-1FDB3E41B179}
	EndGlobalSection
EndGlobal
