
Microsoft Visual Studio Solution File, Format Version 12.00
# Visual Studio Version 17
VisualStudioVersion = 17.3.32804.467
MinimumVisualStudioVersion = 10.0.40219.1
Project("{FAE04EC0-301F-11D3-BF4B-00C04F79EFBC}") = "NumerotSanoiksi", "NumerotSanoiksi\NumerotSanoiksi.csproj", "{42CFC033-1416-46A5-84F5-D020B47EE522}"
EndProject
Global
	GlobalSection(SolutionConfigurationPlatforms) = preSolution
		Debug|Any CPU = Debug|Any CPU
		Release|Any CPU = Release|Any CPU
	EndGlobalSection
	GlobalSection(ProjectConfigurationPlatforms) = postSolution
		{42CFC033-1416-46A5-84F5-D020B47EE522}.Debug|Any CPU.ActiveCfg = Debug|Any CPU
		{42CFC033-1416-46A5-84F5-D020B47EE522}.Debug|Any CPU.Build.0 = Debug|Any CPU
		{42CFC033-1416-46A5-84F5-D020B47EE522}.Release|Any CPU.ActiveCfg = Release|Any CPU
		{42CFC033-1416-46A5-84F5-D020B47EE522}.Release|Any CPU.Build.0 = Release|Any CPU
	EndGlobalSection
	GlobalSection(SolutionProperties) = preSolution
		HideSolutionNode = FALSE
	EndGlobalSection
	GlobalSection(ExtensibilityGlobals) = postSolution
		SolutionGuid = {88A202D2-2E0D-4776-9F63-E803BDD52E84}
	EndGlobalSection
EndGlobal
