
Microsoft Visual Studio Solution File, Format Version 12.00
# Visual Studio Version 17
VisualStudioVersion = 17.3.32804.467
MinimumVisualStudioVersion = 10.0.40219.1
Project("{FAE04EC0-301F-11D3-BF4B-00C04F79EFBC}") = "Pankkitili", "Pankkitili\Pankkitili.csproj", "{80708F58-EFBA-4CFE-B770-5B84001214FA}"
EndProject
Project("{FAE04EC0-301F-11D3-BF4B-00C04F79EFBC}") = "Pankkitesti", "Pankkitesti\Pankkitesti.csproj", "{38A3C9DC-108D-49DD-A5BD-80CB61DAC020}"
	ProjectSection(ProjectDependencies) = postProject
		{80708F58-EFBA-4CFE-B770-5B84001214FA} = {80708F58-EFBA-4CFE-B770-5B84001214FA}
	EndProjectSection
EndProject
Global
	GlobalSection(SolutionConfigurationPlatforms) = preSolution
		Debug|Any CPU = Debug|Any CPU
		Release|Any CPU = Release|Any CPU
	EndGlobalSection
	GlobalSection(ProjectConfigurationPlatforms) = postSolution
		{80708F58-EFBA-4CFE-B770-5B84001214FA}.Debug|Any CPU.ActiveCfg = Debug|Any CPU
		{80708F58-EFBA-4CFE-B770-5B84001214FA}.Debug|Any CPU.Build.0 = Debug|Any CPU
		{80708F58-EFBA-4CFE-B770-5B84001214FA}.Release|Any CPU.ActiveCfg = Release|Any CPU
		{80708F58-EFBA-4CFE-B770-5B84001214FA}.Release|Any CPU.Build.0 = Release|Any CPU
		{38A3C9DC-108D-49DD-A5BD-80CB61DAC020}.Debug|Any CPU.ActiveCfg = Debug|Any CPU
		{38A3C9DC-108D-49DD-A5BD-80CB61DAC020}.Debug|Any CPU.Build.0 = Debug|Any CPU
		{38A3C9DC-108D-49DD-A5BD-80CB61DAC020}.Release|Any CPU.ActiveCfg = Release|Any CPU
		{38A3C9DC-108D-49DD-A5BD-80CB61DAC020}.Release|Any CPU.Build.0 = Release|Any CPU
	EndGlobalSection
	GlobalSection(SolutionProperties) = preSolution
		HideSolutionNode = FALSE
	EndGlobalSection
	GlobalSection(ExtensibilityGlobals) = postSolution
		SolutionGuid = {C21D4C55-1532-40B6-8346-AD0F98D22100}
	EndGlobalSection
EndGlobal
