
Microsoft Visual Studio Solution File, Format Version 12.00
# Visual Studio Version 17
VisualStudioVersion = 17.3.32804.467
MinimumVisualStudioVersion = 10.0.40219.1
Project("{FAE04EC0-301F-11D3-BF4B-00C04F79EFBC}") = "PankkiTesti", "PankkiTesti\PankkiTesti.csproj", "{BA00EB52-0162-4A5A-810B-66E35F9D9D8C}"
EndProject
Global
	GlobalSection(SolutionConfigurationPlatforms) = preSolution
		Debug|Any CPU = Debug|Any CPU
		Release|Any CPU = Release|Any CPU
	EndGlobalSection
	GlobalSection(ProjectConfigurationPlatforms) = postSolution
		{BA00EB52-0162-4A5A-810B-66E35F9D9D8C}.Debug|Any CPU.ActiveCfg = Debug|Any CPU
		{BA00EB52-0162-4A5A-810B-66E35F9D9D8C}.Debug|Any CPU.Build.0 = Debug|Any CPU
		{BA00EB52-0162-4A5A-810B-66E35F9D9D8C}.Release|Any CPU.ActiveCfg = Release|Any CPU
		{BA00EB52-0162-4A5A-810B-66E35F9D9D8C}.Release|Any CPU.Build.0 = Release|Any CPU
	EndGlobalSection
	GlobalSection(SolutionProperties) = preSolution
		HideSolutionNode = FALSE
	EndGlobalSection
	GlobalSection(ExtensibilityGlobals) = postSolution
		SolutionGuid = {7FCF1AE0-DBD5-4078-8F26-8AA6AB96419A}
	EndGlobalSection
EndGlobal
