
Microsoft Visual Studio Solution File, Format Version 12.00
# Visual Studio Version 17
VisualStudioVersion = 17.3.32804.467
MinimumVisualStudioVersion = 10.0.40219.1
Project("{FAE04EC0-301F-11D3-BF4B-00C04F79EFBC}") = "Pankki", "Pankki\Pankki.csproj", "{52BDB37E-0DA2-4545-9EFC-BDBAD119C713}"
EndProject
Global
	GlobalSection(SolutionConfigurationPlatforms) = preSolution
		Debug|Any CPU = Debug|Any CPU
		Release|Any CPU = Release|Any CPU
	EndGlobalSection
	GlobalSection(ProjectConfigurationPlatforms) = postSolution
		{52BDB37E-0DA2-4545-9EFC-BDBAD119C713}.Debug|Any CPU.ActiveCfg = Debug|Any CPU
		{52BDB37E-0DA2-4545-9EFC-BDBAD119C713}.Debug|Any CPU.Build.0 = Debug|Any CPU
		{52BDB37E-0DA2-4545-9EFC-BDBAD119C713}.Release|Any CPU.ActiveCfg = Release|Any CPU
		{52BDB37E-0DA2-4545-9EFC-BDBAD119C713}.Release|Any CPU.Build.0 = Release|Any CPU
	EndGlobalSection
	GlobalSection(SolutionProperties) = preSolution
		HideSolutionNode = FALSE
	EndGlobalSection
	GlobalSection(ExtensibilityGlobals) = postSolution
		SolutionGuid = {D68875B0-342B-46A0-B1F4-C1F7EDD2B135}
	EndGlobalSection
EndGlobal
